
Microsoft Visual Studio Solution File, Format Version 12.00
# Visual Studio Version 17
VisualStudioVersion = 17.9.34728.123
MinimumVisualStudioVersion = 10.0.40219.1
Project("{FAE04EC0-301F-11D3-BF4B-00C04F79EFBC}") = "MomentsWebApi", "MomentsWebApi\MomentsWebApi.csproj", "{1962B120-F7D4-463B-91E1-A206E2C68ADF}"
EndProject
Global
	GlobalSection(SolutionConfigurationPlatforms) = preSolution
		Debug|Any CPU = Debug|Any CPU
		Release|Any CPU = Release|Any CPU
	EndGlobalSection
	GlobalSection(ProjectConfigurationPlatforms) = postSolution
		{1962B120-F7D4-463B-91E1-A206E2C68ADF}.Debug|Any CPU.ActiveCfg = Debug|Any CPU
		{1962B120-F7D4-463B-91E1-A206E2C68ADF}.Debug|Any CPU.Build.0 = Debug|Any CPU
		{1962B120-F7D4-463B-91E1-A206E2C68ADF}.Release|Any CPU.ActiveCfg = Release|Any CPU
		{1962B120-F7D4-463B-91E1-A206E2C68ADF}.Release|Any CPU.Build.0 = Release|Any CPU
	EndGlobalSection
	GlobalSection(SolutionProperties) = preSolution
		HideSolutionNode = FALSE
	EndGlobalSection
	GlobalSection(ExtensibilityGlobals) = postSolution
		SolutionGuid = {6D957CC3-0519-4A03-8B3E-77D3B2739BD5}
	EndGlobalSection
EndGlobal
